
Microsoft Visual Studio Solution File, Format Version 12.00
# Visual Studio Version 17
VisualStudioVersion = 17.1.32407.343
MinimumVisualStudioVersion = 10.0.40219.1
Project("{9A19103F-16F7-4668-BE54-9A1E7A4F7556}") = "ShaosilBot.Tests", "ShaosilBot.Tests\ShaosilBot.Tests.csproj", "{9C795687-8B61-45A4-AB81-968D69C968D8}"
EndProject
Project("{2150E333-8FDC-42A3-9474-1A3956D46DE8}") = "Solution Items", "Solution Items", "{28CF568F-F41B-415D-8754-C2817DAF94FF}"
	ProjectSection(SolutionItems) = preProject
		.editorconfig = .editorconfig
	EndProjectSection
EndProject
Project("{9A19103F-16F7-4668-BE54-9A1E7A4F7556}") = "ShaosilBot.Web", "ShaosilBot.Web\ShaosilBot.Web.csproj", "{69921E3B-CD39-47F1-9B2B-372E71B9EC57}"
EndProject
Project("{9A19103F-16F7-4668-BE54-9A1E7A4F7556}") = "ShaosilBot.Core", "ShaosilBot.Core\ShaosilBot.Core.csproj", "{1A20E32A-511B-4671-9E60-5901E4FBD576}"
EndProject
Project("{9A19103F-16F7-4668-BE54-9A1E7A4F7556}") = "ServerManager", "ServerManager\ServerManager.csproj", "{A93ACFBE-DCFB-40B8-8C32-737E7033BA60}"
EndProject
Project("{9A19103F-16F7-4668-BE54-9A1E7A4F7556}") = "ServerManager.Core", "ServerManager.Core\ServerManager.Core.csproj", "{BB21D8AB-76C4-4946-B8D3-70EFB0FF2C92}"
EndProject
Project("{FAE04EC0-301F-11D3-BF4B-00C04F79EFBC}") = "ServerManager.Proxy", "ServerManager.Proxy\ServerManager.Proxy.csproj", "{C3607623-8864-41B2-B105-5C1F29F15149}"
EndProject
Global
	GlobalSection(SolutionConfigurationPlatforms) = preSolution
		Debug|Any CPU = Debug|Any CPU
		Release|Any CPU = Release|Any CPU
	EndGlobalSection
	GlobalSection(ProjectConfigurationPlatforms) = postSolution
		{9C795687-8B61-45A4-AB81-968D69C968D8}.Debug|Any CPU.ActiveCfg = Debug|Any CPU
		{9C795687-8B61-45A4-AB81-968D69C968D8}.Debug|Any CPU.Build.0 = Debug|Any CPU
		{9C795687-8B61-45A4-AB81-968D69C968D8}.Release|Any CPU.ActiveCfg = Release|Any CPU
		{9C795687-8B61-45A4-AB81-968D69C968D8}.Release|Any CPU.Build.0 = Release|Any CPU
		{69921E3B-CD39-47F1-9B2B-372E71B9EC57}.Debug|Any CPU.ActiveCfg = Debug|Any CPU
		{69921E3B-CD39-47F1-9B2B-372E71B9EC57}.Debug|Any CPU.Build.0 = Debug|Any CPU
		{69921E3B-CD39-47F1-9B2B-372E71B9EC57}.Release|Any CPU.ActiveCfg = Release|Any CPU
		{69921E3B-CD39-47F1-9B2B-372E71B9EC57}.Release|Any CPU.Build.0 = Release|Any CPU
		{1A20E32A-511B-4671-9E60-5901E4FBD576}.Debug|Any CPU.ActiveCfg = Debug|Any CPU
		{1A20E32A-511B-4671-9E60-5901E4FBD576}.Debug|Any CPU.Build.0 = Debug|Any CPU
		{1A20E32A-511B-4671-9E60-5901E4FBD576}.Release|Any CPU.ActiveCfg = Release|Any CPU
		{1A20E32A-511B-4671-9E60-5901E4FBD576}.Release|Any CPU.Build.0 = Release|Any CPU
		{A93ACFBE-DCFB-40B8-8C32-737E7033BA60}.Debug|Any CPU.ActiveCfg = Debug|Any CPU
		{A93ACFBE-DCFB-40B8-8C32-737E7033BA60}.Debug|Any CPU.Build.0 = Debug|Any CPU
		{A93ACFBE-DCFB-40B8-8C32-737E7033BA60}.Release|Any CPU.ActiveCfg = Release|Any CPU
		{A93ACFBE-DCFB-40B8-8C32-737E7033BA60}.Release|Any CPU.Build.0 = Release|Any CPU
		{BB21D8AB-76C4-4946-B8D3-70EFB0FF2C92}.Debug|Any CPU.ActiveCfg = Debug|Any CPU
		{BB21D8AB-76C4-4946-B8D3-70EFB0FF2C92}.Debug|Any CPU.Build.0 = Debug|Any CPU
		{BB21D8AB-76C4-4946-B8D3-70EFB0FF2C92}.Release|Any CPU.ActiveCfg = Release|Any CPU
		{BB21D8AB-76C4-4946-B8D3-70EFB0FF2C92}.Release|Any CPU.Build.0 = Release|Any CPU
		{C3607623-8864-41B2-B105-5C1F29F15149}.Debug|Any CPU.ActiveCfg = Debug|Any CPU
		{C3607623-8864-41B2-B105-5C1F29F15149}.Debug|Any CPU.Build.0 = Debug|Any CPU
		{C3607623-8864-41B2-B105-5C1F29F15149}.Release|Any CPU.ActiveCfg = Release|Any CPU
		{C3607623-8864-41B2-B105-5C1F29F15149}.Release|Any CPU.Build.0 = Release|Any CPU
	EndGlobalSection
	GlobalSection(SolutionProperties) = preSolution
		HideSolutionNode = FALSE
	EndGlobalSection
	GlobalSection(ExtensibilityGlobals) = postSolution
		SolutionGuid = {51DAF9B6-A768-4045-9475-96BAA94462C3}
	EndGlobalSection
EndGlobal
